
Microsoft Visual Studio Solution File, Format Version 12.00
# Visual Studio Version 16
VisualStudioVersion = 16.0.29926.136
MinimumVisualStudioVersion = 10.0.40219.1
Project("{FAE04EC0-301F-11D3-BF4B-00C04F79EFBC}") = "Call_API", "Call_API\Call_API.csproj", "{D17C6852-4969-4025-82E0-12D63775A290}"
EndProject
Global
	GlobalSection(SolutionConfigurationPlatforms) = preSolution
		Debug|Any CPU = Debug|Any CPU
		Release|Any CPU = Release|Any CPU
	EndGlobalSection
	GlobalSection(ProjectConfigurationPlatforms) = postSolution
		{D17C6852-4969-4025-82E0-12D63775A290}.Debug|Any CPU.ActiveCfg = Debug|Any CPU
		{D17C6852-4969-4025-82E0-12D63775A290}.Debug|Any CPU.Build.0 = Debug|Any CPU
		{D17C6852-4969-4025-82E0-12D63775A290}.Release|Any CPU.ActiveCfg = Release|Any CPU
		{D17C6852-4969-4025-82E0-12D63775A290}.Release|Any CPU.Build.0 = Release|Any CPU
	EndGlobalSection
	GlobalSection(SolutionProperties) = preSolution
		HideSolutionNode = FALSE
	EndGlobalSection
	GlobalSection(ExtensibilityGlobals) = postSolution
		SolutionGuid = {6419F47E-68C5-42F2-B9F9-D0EE890325A5}
	EndGlobalSection
EndGlobal
