
Microsoft Visual Studio Solution File, Format Version 12.00
# Visual Studio Version 17
VisualStudioVersion = 17.5.33516.290
MinimumVisualStudioVersion = 10.0.40219.1
Project("{FAE04EC0-301F-11D3-BF4B-00C04F79EFBC}") = "GreetingApp", "GreetingApp\GreetingApp.csproj", "{2EE0060E-BDD1-4B03-9064-1BD05C8ED3D8}"
EndProject
Global
	GlobalSection(SolutionConfigurationPlatforms) = preSolution
		Debug|Any CPU = Debug|Any CPU
		Release|Any CPU = Release|Any CPU
	EndGlobalSection
	GlobalSection(ProjectConfigurationPlatforms) = postSolution
		{2EE0060E-BDD1-4B03-9064-1BD05C8ED3D8}.Debug|Any CPU.ActiveCfg = Debug|Any CPU
		{2EE0060E-BDD1-4B03-9064-1BD05C8ED3D8}.Debug|Any CPU.Build.0 = Debug|Any CPU
		{2EE0060E-BDD1-4B03-9064-1BD05C8ED3D8}.Release|Any CPU.ActiveCfg = Release|Any CPU
		{2EE0060E-BDD1-4B03-9064-1BD05C8ED3D8}.Release|Any CPU.Build.0 = Release|Any CPU
	EndGlobalSection
	GlobalSection(SolutionProperties) = preSolution
		HideSolutionNode = FALSE
	EndGlobalSection
	GlobalSection(ExtensibilityGlobals) = postSolution
		SolutionGuid = {7333C6DE-053E-4F9C-92A1-1AA1264CF2D5}
	EndGlobalSection
EndGlobal
