
Microsoft Visual Studio Solution File, Format Version 12.00
# Visual Studio 15
VisualStudioVersion = 15.0.26124.0
MinimumVisualStudioVersion = 15.0.26124.0
Project("{FAE04EC0-301F-11D3-BF4B-00C04F79EFBC}") = "Domain", "Domain\Domain.csproj", "{67F6F2ED-77D7-447C-A23E-C07B2C19DBC7}"
EndProject
Project("{FAE04EC0-301F-11D3-BF4B-00C04F79EFBC}") = "Application", "Application\Application.csproj", "{CD04D631-6749-424A-9541-936F3263B0C8}"
EndProject
Project("{FAE04EC0-301F-11D3-BF4B-00C04F79EFBC}") = "Persistence", "Persistence\Persistence.csproj", "{FC98C5E4-A7E4-444E-8897-ED330307E601}"
EndProject
Project("{FAE04EC0-301F-11D3-BF4B-00C04F79EFBC}") = "API", "API\API.csproj", "{A39FE63F-DB1C-4448-BB3C-A2FF532CE75D}"
EndProject
Global
	GlobalSection(SolutionConfigurationPlatforms) = preSolution
		Debug|Any CPU = Debug|Any CPU
		Debug|x64 = Debug|x64
		Debug|x86 = Debug|x86
		Release|Any CPU = Release|Any CPU
		Release|x64 = Release|x64
		Release|x86 = Release|x86
	EndGlobalSection
	GlobalSection(SolutionProperties) = preSolution
		HideSolutionNode = FALSE
	EndGlobalSection
	GlobalSection(ProjectConfigurationPlatforms) = postSolution
		{67F6F2ED-77D7-447C-A23E-C07B2C19DBC7}.Debug|Any CPU.ActiveCfg = Debug|Any CPU
		{67F6F2ED-77D7-447C-A23E-C07B2C19DBC7}.Debug|Any CPU.Build.0 = Debug|Any CPU
		{67F6F2ED-77D7-447C-A23E-C07B2C19DBC7}.Debug|x64.ActiveCfg = Debug|Any CPU
		{67F6F2ED-77D7-447C-A23E-C07B2C19DBC7}.Debug|x64.Build.0 = Debug|Any CPU
		{67F6F2ED-77D7-447C-A23E-C07B2C19DBC7}.Debug|x86.ActiveCfg = Debug|Any CPU
		{67F6F2ED-77D7-447C-A23E-C07B2C19DBC7}.Debug|x86.Build.0 = Debug|Any CPU
		{67F6F2ED-77D7-447C-A23E-C07B2C19DBC7}.Release|Any CPU.ActiveCfg = Release|Any CPU
		{67F6F2ED-77D7-447C-A23E-C07B2C19DBC7}.Release|Any CPU.Build.0 = Release|Any CPU
		{67F6F2ED-77D7-447C-A23E-C07B2C19DBC7}.Release|x64.ActiveCfg = Release|Any CPU
		{67F6F2ED-77D7-447C-A23E-C07B2C19DBC7}.Release|x64.Build.0 = Release|Any CPU
		{67F6F2ED-77D7-447C-A23E-C07B2C19DBC7}.Release|x86.ActiveCfg = Release|Any CPU
		{67F6F2ED-77D7-447C-A23E-C07B2C19DBC7}.Release|x86.Build.0 = Release|Any CPU
		{CD04D631-6749-424A-9541-936F3263B0C8}.Debug|Any CPU.ActiveCfg = Debug|Any CPU
		{CD04D631-6749-424A-9541-936F3263B0C8}.Debug|Any CPU.Build.0 = Debug|Any CPU
		{CD04D631-6749-424A-9541-936F3263B0C8}.Debug|x64.ActiveCfg = Debug|Any CPU
		{CD04D631-6749-424A-9541-936F3263B0C8}.Debug|x64.Build.0 = Debug|Any CPU
		{CD04D631-6749-424A-9541-936F3263B0C8}.Debug|x86.ActiveCfg = Debug|Any CPU
		{CD04D631-6749-424A-9541-936F3263B0C8}.Debug|x86.Build.0 = Debug|Any CPU
		{CD04D631-6749-424A-9541-936F3263B0C8}.Release|Any CPU.ActiveCfg = Release|Any CPU
		{CD04D631-6749-424A-9541-936F3263B0C8}.Release|Any CPU.Build.0 = Release|Any CPU
		{CD04D631-6749-424A-9541-936F3263B0C8}.Release|x64.ActiveCfg = Release|Any CPU
		{CD04D631-6749-424A-9541-936F3263B0C8}.Release|x64.Build.0 = Release|Any CPU
		{CD04D631-6749-424A-9541-936F3263B0C8}.Release|x86.ActiveCfg = Release|Any CPU
		{CD04D631-6749-424A-9541-936F3263B0C8}.Release|x86.Build.0 = Release|Any CPU
		{FC98C5E4-A7E4-444E-8897-ED330307E601}.Debug|Any CPU.ActiveCfg = Debug|Any CPU
		{FC98C5E4-A7E4-444E-8897-ED330307E601}.Debug|Any CPU.Build.0 = Debug|Any CPU
		{FC98C5E4-A7E4-444E-8897-ED330307E601}.Debug|x64.ActiveCfg = Debug|Any CPU
		{FC98C5E4-A7E4-444E-8897-ED330307E601}.Debug|x64.Build.0 = Debug|Any CPU
		{FC98C5E4-A7E4-444E-8897-ED330307E601}.Debug|x86.ActiveCfg = Debug|Any CPU
		{FC98C5E4-A7E4-444E-8897-ED330307E601}.Debug|x86.Build.0 = Debug|Any CPU
		{FC98C5E4-A7E4-444E-8897-ED330307E601}.Release|Any CPU.ActiveCfg = Release|Any CPU
		{FC98C5E4-A7E4-444E-8897-ED330307E601}.Release|Any CPU.Build.0 = Release|Any CPU
		{FC98C5E4-A7E4-444E-8897-ED330307E601}.Release|x64.ActiveCfg = Release|Any CPU
		{FC98C5E4-A7E4-444E-8897-ED330307E601}.Release|x64.Build.0 = Release|Any CPU
		{FC98C5E4-A7E4-444E-8897-ED330307E601}.Release|x86.ActiveCfg = Release|Any CPU
		{FC98C5E4-A7E4-444E-8897-ED330307E601}.Release|x86.Build.0 = Release|Any CPU
		{A39FE63F-DB1C-4448-BB3C-A2FF532CE75D}.Debug|Any CPU.ActiveCfg = Debug|Any CPU
		{A39FE63F-DB1C-4448-BB3C-A2FF532CE75D}.Debug|Any CPU.Build.0 = Debug|Any CPU
		{A39FE63F-DB1C-4448-BB3C-A2FF532CE75D}.Debug|x64.ActiveCfg = Debug|Any CPU
		{A39FE63F-DB1C-4448-BB3C-A2FF532CE75D}.Debug|x64.Build.0 = Debug|Any CPU
		{A39FE63F-DB1C-4448-BB3C-A2FF532CE75D}.Debug|x86.ActiveCfg = Debug|Any CPU
		{A39FE63F-DB1C-4448-BB3C-A2FF532CE75D}.Debug|x86.Build.0 = Debug|Any CPU
		{A39FE63F-DB1C-4448-BB3C-A2FF532CE75D}.Release|Any CPU.ActiveCfg = Release|Any CPU
		{A39FE63F-DB1C-4448-BB3C-A2FF532CE75D}.Release|Any CPU.Build.0 = Release|Any CPU
		{A39FE63F-DB1C-4448-BB3C-A2FF532CE75D}.Release|x64.ActiveCfg = Release|Any CPU
		{A39FE63F-DB1C-4448-BB3C-A2FF532CE75D}.Release|x64.Build.0 = Release|Any CPU
		{A39FE63F-DB1C-4448-BB3C-A2FF532CE75D}.Release|x86.ActiveCfg = Release|Any CPU
		{A39FE63F-DB1C-4448-BB3C-A2FF532CE75D}.Release|x86.Build.0 = Release|Any CPU
	EndGlobalSection
EndGlobal
