
Microsoft Visual Studio Solution File, Format Version 12.00
# Visual Studio 15
VisualStudioVersion = 15.0.26124.0
MinimumVisualStudioVersion = 15.0.26124.0
Project("{FAE04EC0-301F-11D3-BF4B-00C04F79EFBC}") = "Domain", "Domain\Domain.csproj", "{ECA5CEF7-8696-4EF6-99E6-9F97B045CDCF}"
EndProject
Project("{FAE04EC0-301F-11D3-BF4B-00C04F79EFBC}") = "Application", "Application\Application.csproj", "{B3C810EB-7F45-458E-A96A-4803449F1B44}"
EndProject
Project("{FAE04EC0-301F-11D3-BF4B-00C04F79EFBC}") = "Persistence", "Persistence\Persistence.csproj", "{EC8D005E-64FE-4E2F-B33B-DF0A9BA7546F}"
EndProject
Project("{FAE04EC0-301F-11D3-BF4B-00C04F79EFBC}") = "API", "API\API.csproj", "{FFA69755-B6A5-4051-AA3A-C0A3BF78E7DE}"
EndProject
Global
	GlobalSection(SolutionConfigurationPlatforms) = preSolution
		Debug|Any CPU = Debug|Any CPU
		Debug|x64 = Debug|x64
		Debug|x86 = Debug|x86
		Release|Any CPU = Release|Any CPU
		Release|x64 = Release|x64
		Release|x86 = Release|x86
	EndGlobalSection
	GlobalSection(SolutionProperties) = preSolution
		HideSolutionNode = FALSE
	EndGlobalSection
	GlobalSection(ProjectConfigurationPlatforms) = postSolution
		{ECA5CEF7-8696-4EF6-99E6-9F97B045CDCF}.Debug|Any CPU.ActiveCfg = Debug|Any CPU
		{ECA5CEF7-8696-4EF6-99E6-9F97B045CDCF}.Debug|Any CPU.Build.0 = Debug|Any CPU
		{ECA5CEF7-8696-4EF6-99E6-9F97B045CDCF}.Debug|x64.ActiveCfg = Debug|Any CPU
		{ECA5CEF7-8696-4EF6-99E6-9F97B045CDCF}.Debug|x64.Build.0 = Debug|Any CPU
		{ECA5CEF7-8696-4EF6-99E6-9F97B045CDCF}.Debug|x86.ActiveCfg = Debug|Any CPU
		{ECA5CEF7-8696-4EF6-99E6-9F97B045CDCF}.Debug|x86.Build.0 = Debug|Any CPU
		{ECA5CEF7-8696-4EF6-99E6-9F97B045CDCF}.Release|Any CPU.ActiveCfg = Release|Any CPU
		{ECA5CEF7-8696-4EF6-99E6-9F97B045CDCF}.Release|Any CPU.Build.0 = Release|Any CPU
		{ECA5CEF7-8696-4EF6-99E6-9F97B045CDCF}.Release|x64.ActiveCfg = Release|Any CPU
		{ECA5CEF7-8696-4EF6-99E6-9F97B045CDCF}.Release|x64.Build.0 = Release|Any CPU
		{ECA5CEF7-8696-4EF6-99E6-9F97B045CDCF}.Release|x86.ActiveCfg = Release|Any CPU
		{ECA5CEF7-8696-4EF6-99E6-9F97B045CDCF}.Release|x86.Build.0 = Release|Any CPU
		{B3C810EB-7F45-458E-A96A-4803449F1B44}.Debug|Any CPU.ActiveCfg = Debug|Any CPU
		{B3C810EB-7F45-458E-A96A-4803449F1B44}.Debug|Any CPU.Build.0 = Debug|Any CPU
		{B3C810EB-7F45-458E-A96A-4803449F1B44}.Debug|x64.ActiveCfg = Debug|Any CPU
		{B3C810EB-7F45-458E-A96A-4803449F1B44}.Debug|x64.Build.0 = Debug|Any CPU
		{B3C810EB-7F45-458E-A96A-4803449F1B44}.Debug|x86.ActiveCfg = Debug|Any CPU
		{B3C810EB-7F45-458E-A96A-4803449F1B44}.Debug|x86.Build.0 = Debug|Any CPU
		{B3C810EB-7F45-458E-A96A-4803449F1B44}.Release|Any CPU.ActiveCfg = Release|Any CPU
		{B3C810EB-7F45-458E-A96A-4803449F1B44}.Release|Any CPU.Build.0 = Release|Any CPU
		{B3C810EB-7F45-458E-A96A-4803449F1B44}.Release|x64.ActiveCfg = Release|Any CPU
		{B3C810EB-7F45-458E-A96A-4803449F1B44}.Release|x64.Build.0 = Release|Any CPU
		{B3C810EB-7F45-458E-A96A-4803449F1B44}.Release|x86.ActiveCfg = Release|Any CPU
		{B3C810EB-7F45-458E-A96A-4803449F1B44}.Release|x86.Build.0 = Release|Any CPU
		{EC8D005E-64FE-4E2F-B33B-DF0A9BA7546F}.Debug|Any CPU.ActiveCfg = Debug|Any CPU
		{EC8D005E-64FE-4E2F-B33B-DF0A9BA7546F}.Debug|Any CPU.Build.0 = Debug|Any CPU
		{EC8D005E-64FE-4E2F-B33B-DF0A9BA7546F}.Debug|x64.ActiveCfg = Debug|Any CPU
		{EC8D005E-64FE-4E2F-B33B-DF0A9BA7546F}.Debug|x64.Build.0 = Debug|Any CPU
		{EC8D005E-64FE-4E2F-B33B-DF0A9BA7546F}.Debug|x86.ActiveCfg = Debug|Any CPU
		{EC8D005E-64FE-4E2F-B33B-DF0A9BA7546F}.Debug|x86.Build.0 = Debug|Any CPU
		{EC8D005E-64FE-4E2F-B33B-DF0A9BA7546F}.Release|Any CPU.ActiveCfg = Release|Any CPU
		{EC8D005E-64FE-4E2F-B33B-DF0A9BA7546F}.Release|Any CPU.Build.0 = Release|Any CPU
		{EC8D005E-64FE-4E2F-B33B-DF0A9BA7546F}.Release|x64.ActiveCfg = Release|Any CPU
		{EC8D005E-64FE-4E2F-B33B-DF0A9BA7546F}.Release|x64.Build.0 = Release|Any CPU
		{EC8D005E-64FE-4E2F-B33B-DF0A9BA7546F}.Release|x86.ActiveCfg = Release|Any CPU
		{EC8D005E-64FE-4E2F-B33B-DF0A9BA7546F}.Release|x86.Build.0 = Release|Any CPU
		{FFA69755-B6A5-4051-AA3A-C0A3BF78E7DE}.Debug|Any CPU.ActiveCfg = Debug|Any CPU
		{FFA69755-B6A5-4051-AA3A-C0A3BF78E7DE}.Debug|Any CPU.Build.0 = Debug|Any CPU
		{FFA69755-B6A5-4051-AA3A-C0A3BF78E7DE}.Debug|x64.ActiveCfg = Debug|Any CPU
		{FFA69755-B6A5-4051-AA3A-C0A3BF78E7DE}.Debug|x64.Build.0 = Debug|Any CPU
		{FFA69755-B6A5-4051-AA3A-C0A3BF78E7DE}.Debug|x86.ActiveCfg = Debug|Any CPU
		{FFA69755-B6A5-4051-AA3A-C0A3BF78E7DE}.Debug|x86.Build.0 = Debug|Any CPU
		{FFA69755-B6A5-4051-AA3A-C0A3BF78E7DE}.Release|Any CPU.ActiveCfg = Release|Any CPU
		{FFA69755-B6A5-4051-AA3A-C0A3BF78E7DE}.Release|Any CPU.Build.0 = Release|Any CPU
		{FFA69755-B6A5-4051-AA3A-C0A3BF78E7DE}.Release|x64.ActiveCfg = Release|Any CPU
		{FFA69755-B6A5-4051-AA3A-C0A3BF78E7DE}.Release|x64.Build.0 = Release|Any CPU
		{FFA69755-B6A5-4051-AA3A-C0A3BF78E7DE}.Release|x86.ActiveCfg = Release|Any CPU
		{FFA69755-B6A5-4051-AA3A-C0A3BF78E7DE}.Release|x86.Build.0 = Release|Any CPU
	EndGlobalSection
EndGlobal
